
Microsoft Visual Studio Solution File, Format Version 12.00
# Visual Studio Version 17
VisualStudioVersion = 17.2.32630.192
MinimumVisualStudioVersion = 10.0.40219.1
Project("{FAE04EC0-301F-11D3-BF4B-00C04F79EFBC}") = "CW_FileCompressor", "CW_FileCompressor\CW_FileCompressor.csproj", "{176F40A3-D7D7-46EB-BFE1-CCDDD1CD4779}"
EndProject
Global
	GlobalSection(SolutionConfigurationPlatforms) = preSolution
		Debug|Any CPU = Debug|Any CPU
		Release|Any CPU = Release|Any CPU
	EndGlobalSection
	GlobalSection(ProjectConfigurationPlatforms) = postSolution
		{176F40A3-D7D7-46EB-BFE1-CCDDD1CD4779}.Debug|Any CPU.ActiveCfg = Debug|Any CPU
		{176F40A3-D7D7-46EB-BFE1-CCDDD1CD4779}.Debug|Any CPU.Build.0 = Debug|Any CPU
		{176F40A3-D7D7-46EB-BFE1-CCDDD1CD4779}.Release|Any CPU.ActiveCfg = Release|Any CPU
		{176F40A3-D7D7-46EB-BFE1-CCDDD1CD4779}.Release|Any CPU.Build.0 = Release|Any CPU
	EndGlobalSection
	GlobalSection(SolutionProperties) = preSolution
		HideSolutionNode = FALSE
	EndGlobalSection
	GlobalSection(ExtensibilityGlobals) = postSolution
		SolutionGuid = {CB8F5FC1-ADB8-4AD8-8BC6-008234EA5432}
	EndGlobalSection
EndGlobal
